
Microsoft Visual Studio Solution File, Format Version 12.00
# Visual Studio Version 17
VisualStudioVersion = 17.5.33627.172
MinimumVisualStudioVersion = 10.0.40219.1
Project("{F184B08F-C81C-45F6-A57F-5ABD9991F28F}") = "UAS_PV_220401010234", "UAS_PV_220401010234\UAS_PV_220401010234.vbproj", "{5AD0E0C2-7E6E-4503-83DA-6F83BC2B6FE8}"
EndProject
Global
	GlobalSection(SolutionConfigurationPlatforms) = preSolution
		Debug|Any CPU = Debug|Any CPU
		Release|Any CPU = Release|Any CPU
	EndGlobalSection
	GlobalSection(ProjectConfigurationPlatforms) = postSolution
		{5AD0E0C2-7E6E-4503-83DA-6F83BC2B6FE8}.Debug|Any CPU.ActiveCfg = Debug|Any CPU
		{5AD0E0C2-7E6E-4503-83DA-6F83BC2B6FE8}.Debug|Any CPU.Build.0 = Debug|Any CPU
		{5AD0E0C2-7E6E-4503-83DA-6F83BC2B6FE8}.Release|Any CPU.ActiveCfg = Release|Any CPU
		{5AD0E0C2-7E6E-4503-83DA-6F83BC2B6FE8}.Release|Any CPU.Build.0 = Release|Any CPU
	EndGlobalSection
	GlobalSection(SolutionProperties) = preSolution
		HideSolutionNode = FALSE
	EndGlobalSection
	GlobalSection(ExtensibilityGlobals) = postSolution
		SolutionGuid = {507610E4-7626-42A9-9AA3-AA77B11A4BD8}
	EndGlobalSection
EndGlobal
